
Microsoft Visual Studio Solution File, Format Version 12.00
# Visual Studio Version 16
VisualStudioVersion = 16.0.29728.190
MinimumVisualStudioVersion = 10.0.40219.1
Project("{9A19103F-16F7-4668-BE54-9A1E7A4F7556}") = "matkalasku", "matkalasku.csproj", "{C8467869-22F2-472F-B46B-7D92C81586CB}"
EndProject
Global
	GlobalSection(SolutionConfigurationPlatforms) = preSolution
		Debug|Any CPU = Debug|Any CPU
		Release|Any CPU = Release|Any CPU
	EndGlobalSection
	GlobalSection(ProjectConfigurationPlatforms) = postSolution
		{C8467869-22F2-472F-B46B-7D92C81586CB}.Debug|Any CPU.ActiveCfg = Debug|Any CPU
		{C8467869-22F2-472F-B46B-7D92C81586CB}.Debug|Any CPU.Build.0 = Debug|Any CPU
		{C8467869-22F2-472F-B46B-7D92C81586CB}.Release|Any CPU.ActiveCfg = Release|Any CPU
		{C8467869-22F2-472F-B46B-7D92C81586CB}.Release|Any CPU.Build.0 = Release|Any CPU
	EndGlobalSection
	GlobalSection(SolutionProperties) = preSolution
		HideSolutionNode = FALSE
	EndGlobalSection
	GlobalSection(ExtensibilityGlobals) = postSolution
		SolutionGuid = {6312B9CF-B7E7-4DDE-951A-62F63FF1AC35}
	EndGlobalSection
EndGlobal
